
Microsoft Visual Studio Solution File, Format Version 12.00
# Visual Studio Version 16
VisualStudioVersion = 16.0.30503.244
MinimumVisualStudioVersion = 10.0.40219.1
Project("{FAE04EC0-301F-11D3-BF4B-00C04F79EFBC}") = "AzertyGitHub", "AzertyGitHub\AzertyGitHub.csproj", "{6F2CDB5D-BC63-4633-B001-218AB773D00B}"
EndProject
Project("{FAE04EC0-301F-11D3-BF4B-00C04F79EFBC}") = "MetierAzerty", "MetierAzerty\MetierAzerty.csproj", "{E7D310AF-CFA4-4852-A46A-7942CBFBBD04}"
EndProject
Global
	GlobalSection(SolutionConfigurationPlatforms) = preSolution
		Debug|Any CPU = Debug|Any CPU
		Release|Any CPU = Release|Any CPU
	EndGlobalSection
	GlobalSection(ProjectConfigurationPlatforms) = postSolution
		{6F2CDB5D-BC63-4633-B001-218AB773D00B}.Debug|Any CPU.ActiveCfg = Debug|Any CPU
		{6F2CDB5D-BC63-4633-B001-218AB773D00B}.Debug|Any CPU.Build.0 = Debug|Any CPU
		{6F2CDB5D-BC63-4633-B001-218AB773D00B}.Release|Any CPU.ActiveCfg = Release|Any CPU
		{6F2CDB5D-BC63-4633-B001-218AB773D00B}.Release|Any CPU.Build.0 = Release|Any CPU
		{E7D310AF-CFA4-4852-A46A-7942CBFBBD04}.Debug|Any CPU.ActiveCfg = Debug|Any CPU
		{E7D310AF-CFA4-4852-A46A-7942CBFBBD04}.Debug|Any CPU.Build.0 = Debug|Any CPU
		{E7D310AF-CFA4-4852-A46A-7942CBFBBD04}.Release|Any CPU.ActiveCfg = Release|Any CPU
		{E7D310AF-CFA4-4852-A46A-7942CBFBBD04}.Release|Any CPU.Build.0 = Release|Any CPU
	EndGlobalSection
	GlobalSection(SolutionProperties) = preSolution
		HideSolutionNode = FALSE
	EndGlobalSection
	GlobalSection(ExtensibilityGlobals) = postSolution
		SolutionGuid = {BB6842C1-16CE-4D44-9B7B-8BDF25993B38}
	EndGlobalSection
EndGlobal
